
Microsoft Visual Studio Solution File, Format Version 12.00
# Visual Studio Version 17
VisualStudioVersion = 17.6.33815.320
MinimumVisualStudioVersion = 10.0.40219.1
Project("{FAE04EC0-301F-11D3-BF4B-00C04F79EFBC}") = "SuperBowl", "SuperBowl.csproj", "{8A4FC382-5D6F-4BCA-937E-066430417F1A}"
EndProject
Global
	GlobalSection(SolutionConfigurationPlatforms) = preSolution
		Debug|Any CPU = Debug|Any CPU
		Release|Any CPU = Release|Any CPU
	EndGlobalSection
	GlobalSection(ProjectConfigurationPlatforms) = postSolution
		{8A4FC382-5D6F-4BCA-937E-066430417F1A}.Debug|Any CPU.ActiveCfg = Debug|Any CPU
		{8A4FC382-5D6F-4BCA-937E-066430417F1A}.Debug|Any CPU.Build.0 = Debug|Any CPU
		{8A4FC382-5D6F-4BCA-937E-066430417F1A}.Debug|Any CPU.Deploy.0 = Debug|Any CPU
		{8A4FC382-5D6F-4BCA-937E-066430417F1A}.Release|Any CPU.ActiveCfg = Release|Any CPU
		{8A4FC382-5D6F-4BCA-937E-066430417F1A}.Release|Any CPU.Build.0 = Release|Any CPU
		{8A4FC382-5D6F-4BCA-937E-066430417F1A}.Release|Any CPU.Deploy.0 = Release|Any CPU
	EndGlobalSection
	GlobalSection(SolutionProperties) = preSolution
		HideSolutionNode = FALSE
	EndGlobalSection
	GlobalSection(ExtensibilityGlobals) = postSolution
		SolutionGuid = {14FF2B64-CDA7-4861-B94F-61F7C011466B}
	EndGlobalSection
EndGlobal
